
Microsoft Visual Studio Solution File, Format Version 12.00
# Visual Studio Version 17
VisualStudioVersion = 17.8.34525.116
MinimumVisualStudioVersion = 10.0.40219.1
Project("{9A19103F-16F7-4668-BE54-9A1E7A4F7556}") = "Observability.ConsoleApp", "Observability.ConsoleApp\Observability.ConsoleApp.csproj", "{6D332976-9ADD-4F08-9A67-DC2DF195C907}"
EndProject
Project("{E53339B2-1760-4266-BCC7-CA923CBCF16C}") = "docker-compose", "docker-compose.dcproj", "{9AA13F0F-6D1F-48C1-A952-10D19AB67FE5}"
EndProject
Project("{9A19103F-16F7-4668-BE54-9A1E7A4F7556}") = "Order.API", "Order.API\Order.API.csproj", "{10A7397C-FB57-46D3-83B3-6B5ED25E95CB}"
EndProject
Project("{9A19103F-16F7-4668-BE54-9A1E7A4F7556}") = "OpenTelemetry.Shared", "..\OpenTelemetry.Shared\OpenTelemetry.Shared.csproj", "{BB95BCA6-59FD-46F1-B197-FBBF4290B9DD}"
EndProject
Project("{FAE04EC0-301F-11D3-BF4B-00C04F79EFBC}") = "Common.Shared", "Common.Shared\Common.Shared.csproj", "{DD7D185F-B982-45CF-ACB2-2D0AB0683D51}"
EndProject
Global
	GlobalSection(SolutionConfigurationPlatforms) = preSolution
		Debug|Any CPU = Debug|Any CPU
		Release|Any CPU = Release|Any CPU
	EndGlobalSection
	GlobalSection(ProjectConfigurationPlatforms) = postSolution
		{6D332976-9ADD-4F08-9A67-DC2DF195C907}.Debug|Any CPU.ActiveCfg = Debug|Any CPU
		{6D332976-9ADD-4F08-9A67-DC2DF195C907}.Debug|Any CPU.Build.0 = Debug|Any CPU
		{6D332976-9ADD-4F08-9A67-DC2DF195C907}.Release|Any CPU.ActiveCfg = Release|Any CPU
		{6D332976-9ADD-4F08-9A67-DC2DF195C907}.Release|Any CPU.Build.0 = Release|Any CPU
		{9AA13F0F-6D1F-48C1-A952-10D19AB67FE5}.Debug|Any CPU.ActiveCfg = Debug|Any CPU
		{9AA13F0F-6D1F-48C1-A952-10D19AB67FE5}.Debug|Any CPU.Build.0 = Debug|Any CPU
		{9AA13F0F-6D1F-48C1-A952-10D19AB67FE5}.Release|Any CPU.ActiveCfg = Release|Any CPU
		{9AA13F0F-6D1F-48C1-A952-10D19AB67FE5}.Release|Any CPU.Build.0 = Release|Any CPU
		{10A7397C-FB57-46D3-83B3-6B5ED25E95CB}.Debug|Any CPU.ActiveCfg = Debug|Any CPU
		{10A7397C-FB57-46D3-83B3-6B5ED25E95CB}.Debug|Any CPU.Build.0 = Debug|Any CPU
		{10A7397C-FB57-46D3-83B3-6B5ED25E95CB}.Release|Any CPU.ActiveCfg = Release|Any CPU
		{10A7397C-FB57-46D3-83B3-6B5ED25E95CB}.Release|Any CPU.Build.0 = Release|Any CPU
		{BB95BCA6-59FD-46F1-B197-FBBF4290B9DD}.Debug|Any CPU.ActiveCfg = Debug|Any CPU
		{BB95BCA6-59FD-46F1-B197-FBBF4290B9DD}.Debug|Any CPU.Build.0 = Debug|Any CPU
		{BB95BCA6-59FD-46F1-B197-FBBF4290B9DD}.Release|Any CPU.ActiveCfg = Release|Any CPU
		{BB95BCA6-59FD-46F1-B197-FBBF4290B9DD}.Release|Any CPU.Build.0 = Release|Any CPU
		{DD7D185F-B982-45CF-ACB2-2D0AB0683D51}.Debug|Any CPU.ActiveCfg = Debug|Any CPU
		{DD7D185F-B982-45CF-ACB2-2D0AB0683D51}.Debug|Any CPU.Build.0 = Debug|Any CPU
		{DD7D185F-B982-45CF-ACB2-2D0AB0683D51}.Release|Any CPU.ActiveCfg = Release|Any CPU
		{DD7D185F-B982-45CF-ACB2-2D0AB0683D51}.Release|Any CPU.Build.0 = Release|Any CPU
	EndGlobalSection
	GlobalSection(SolutionProperties) = preSolution
		HideSolutionNode = FALSE
	EndGlobalSection
	GlobalSection(ExtensibilityGlobals) = postSolution
		SolutionGuid = {8613180B-7326-4650-9060-767A5D8FBF93}
	EndGlobalSection
EndGlobal
